
Microsoft Visual Studio Solution File, Format Version 12.00
# Visual Studio Version 16
VisualStudioVersion = 16.0.30907.101
MinimumVisualStudioVersion = 10.0.40219.1
Project("{FAE04EC0-301F-11D3-BF4B-00C04F79EFBC}") = "SMARAPDDesafio", "SMARAPDDesafio\SMARAPDDesafio.csproj", "{136662AD-BFE7-46AE-AF2E-FE0BCEAA09CA}"
EndProject
Global
	GlobalSection(SolutionConfigurationPlatforms) = preSolution
		Debug|Any CPU = Debug|Any CPU
		Release|Any CPU = Release|Any CPU
	EndGlobalSection
	GlobalSection(ProjectConfigurationPlatforms) = postSolution
		{136662AD-BFE7-46AE-AF2E-FE0BCEAA09CA}.Debug|Any CPU.ActiveCfg = Debug|Any CPU
		{136662AD-BFE7-46AE-AF2E-FE0BCEAA09CA}.Debug|Any CPU.Build.0 = Debug|Any CPU
		{136662AD-BFE7-46AE-AF2E-FE0BCEAA09CA}.Release|Any CPU.ActiveCfg = Release|Any CPU
		{136662AD-BFE7-46AE-AF2E-FE0BCEAA09CA}.Release|Any CPU.Build.0 = Release|Any CPU
	EndGlobalSection
	GlobalSection(SolutionProperties) = preSolution
		HideSolutionNode = FALSE
	EndGlobalSection
	GlobalSection(ExtensibilityGlobals) = postSolution
		SolutionGuid = {B8855589-90FB-4FDF-AE0B-9AF897F97658}
	EndGlobalSection
EndGlobal
